
Microsoft Visual Studio Solution File, Format Version 12.00
Project("{FAE04EC0-301F-11D3-BF4B-00C04F79EFBC}") = "AresFramework.Plugins.Thieving", "AresFramework.Plugins.Thieving.csproj", "{1E4ACE70-6291-49DF-90B1-C5911B4DD591}"
EndProject
Project("{FAE04EC0-301F-11D3-BF4B-00C04F79EFBC}") = "AresFramework.Plugin.Module", "..\AresFramework\AresFramework.Plugin.Module\AresFramework.Plugin.Module.csproj", "{94EB5740-A14A-4AAD-B0E2-24019E0DBCED}"
EndProject
Project("{FAE04EC0-301F-11D3-BF4B-00C04F79EFBC}") = "AresFramework.Model", "..\AresFramework\AresFramework.Model\AresFramework.Model.csproj", "{B21625FF-7395-48B9-AEF9-4B3281333912}"
EndProject
Project("{FAE04EC0-301F-11D3-BF4B-00C04F79EFBC}") = "AresFramework.GameEngine", "..\AresFramework\AresFramework.GameEngine\AresFramework.GameEngine.csproj", "{B552E70D-4AB2-4E54-BEF4-EEB8ED2E2B11}"
EndProject
Global
	GlobalSection(SolutionConfigurationPlatforms) = preSolution
		Debug|Any CPU = Debug|Any CPU
		Release|Any CPU = Release|Any CPU
	EndGlobalSection
	GlobalSection(ProjectConfigurationPlatforms) = postSolution
		{1E4ACE70-6291-49DF-90B1-C5911B4DD591}.Debug|Any CPU.ActiveCfg = Debug|Any CPU
		{1E4ACE70-6291-49DF-90B1-C5911B4DD591}.Debug|Any CPU.Build.0 = Debug|Any CPU
		{1E4ACE70-6291-49DF-90B1-C5911B4DD591}.Release|Any CPU.ActiveCfg = Release|Any CPU
		{1E4ACE70-6291-49DF-90B1-C5911B4DD591}.Release|Any CPU.Build.0 = Release|Any CPU
		{94EB5740-A14A-4AAD-B0E2-24019E0DBCED}.Debug|Any CPU.ActiveCfg = Debug|Any CPU
		{94EB5740-A14A-4AAD-B0E2-24019E0DBCED}.Debug|Any CPU.Build.0 = Debug|Any CPU
		{94EB5740-A14A-4AAD-B0E2-24019E0DBCED}.Release|Any CPU.ActiveCfg = Release|Any CPU
		{94EB5740-A14A-4AAD-B0E2-24019E0DBCED}.Release|Any CPU.Build.0 = Release|Any CPU
		{B21625FF-7395-48B9-AEF9-4B3281333912}.Debug|Any CPU.ActiveCfg = Debug|Any CPU
		{B21625FF-7395-48B9-AEF9-4B3281333912}.Debug|Any CPU.Build.0 = Debug|Any CPU
		{B21625FF-7395-48B9-AEF9-4B3281333912}.Release|Any CPU.ActiveCfg = Release|Any CPU
		{B21625FF-7395-48B9-AEF9-4B3281333912}.Release|Any CPU.Build.0 = Release|Any CPU
		{B552E70D-4AB2-4E54-BEF4-EEB8ED2E2B11}.Debug|Any CPU.ActiveCfg = Debug|Any CPU
		{B552E70D-4AB2-4E54-BEF4-EEB8ED2E2B11}.Debug|Any CPU.Build.0 = Debug|Any CPU
		{B552E70D-4AB2-4E54-BEF4-EEB8ED2E2B11}.Release|Any CPU.ActiveCfg = Release|Any CPU
		{B552E70D-4AB2-4E54-BEF4-EEB8ED2E2B11}.Release|Any CPU.Build.0 = Release|Any CPU
	EndGlobalSection
EndGlobal
